// !$*UTF8*$!
{
	archiveVersion = 1;
	classes = {
	};
	objectVersion = 46;
	objects = {

/* Begin PBXBuildFile section */
		6F60B4581F8E251B0093129F /* main.m in Sources */ = {isa = PBXBuildFile; fileRef = 6F60B4571F8E251B0093129F /* main.m */; };
		6F60B45B1F8E251B0093129F /* AppDelegate.m in Sources */ = {isa = PBXBuildFile; fileRef = 6F60B45A1F8E251B0093129F /* AppDelegate.m */; };
		6F60B45E1F8E251B0093129F /* ViewController.m in Sources */ = {isa = PBXBuildFile; fileRef = 6F60B45D1F8E251B0093129F /* ViewController.m */; };
		6F60B4611F8E251B0093129F /* Main.storyboard in Resources */ = {isa = PBXBuildFile; fileRef = 6F60B45F1F8E251B0093129F /* Main.storyboard */; };
		6F60B4631F8E251B0093129F /* Assets.xcassets in Resources */ = {isa = PBXBuildFile; fileRef = 6F60B4621F8E251B0093129F /* Assets.xcassets */; };
		6F60B4661F8E251B0093129F /* LaunchScreen.storyboard in Resources */ = {isa = PBXBuildFile; fileRef = 6F60B4641F8E251B0093129F /* LaunchScreen.storyboard */; };
/* End PBXBuildFile section */

/* Begin PBXFileReference section */
		6F60B4531F8E251B0093129F /* day19_iOS_JsonConnAsnmnt.app */ = {isa = PBXFileReference; explicitFileType = wrapper.application; includeInIndex = 0; path = day19_iOS_JsonConnAsnmnt.app; sourceTree = BUILT_PRODUCTS_DIR; };
		6F60B4571F8E251B0093129F /* main.m */ = {isa = PBXFileReference; lastKnownFileType = sourcecode.c.objc; path = main.m; sourceTree = "<group>"; };
		6F60B4591F8E251B0093129F /* AppDelegate.h */ = {isa = PBXFileReference; lastKnownFileType = sourcecode.c.h; path = AppDelegate.h; sourceTree = "<group>"; };
		6F60B45A1F8E251B0093129F /* AppDelegate.m */ = {isa = PBXFileReference; lastKnownFileType = sourcecode.c.objc; path = AppDelegate.m; sourceTree = "<group>"; };
		6F60B45C1F8E251B0093129F /* ViewController.h */ = {isa = PBXFileReference; lastKnownFileType = sourcecode.c.h; path = ViewController.h; sourceTree = "<group>"; };
		6F60B45D1F8E251B0093129F /* ViewController.m */ = {isa = PBXFileReference; lastKnownFileType = sourcecode.c.objc; path = ViewController.m; sourceTree = "<group>"; };
		6F60B4601F8E251B0093129F /* Base */ = {isa = PBXFileReference; lastKnownFileType = file.storyboard; name = Base; path = Base.lproj/Main.storyboard; sourceTree = "<group>"; };
		6F60B4621F8E251B0093129F /* Assets.xcassets */ = {isa = PBXFileReference; lastKnownFileType = folder.assetcatalog; path = Assets.xcassets; sourceTree = "<group>"; };
		6F60B4651F8E251B0093129F /* Base */ = {isa = PBXFileReference; lastKnownFileType = file.storyboard; name = Base; path = Base.lproj/LaunchScreen.storyboard; sourceTree = "<group>"; };
		6F60B4671F8E251B0093129F /* Info.plist */ = {isa = PBXFileReference; lastKnownFileType = text.plist.xml; path = Info.plist; sourceTree = "<group>"; };
/* End PBXFileReference section */

/* Begin PBXFrameworksBuildPhase section */
		6F60B4501F8E251B0093129F /* Frameworks */ = {
			isa = PBXFrameworksBuildPhase;
			buildActionMask = 2147483647;
			files = (
			);
			runOnlyForDeploymentPostprocessing = 0;
		};
/* End PBXFrameworksBuildPhase section */

/* Begin PBXGroup section */
		6F60B44A1F8E251B0093129F = {
			isa = PBXGroup;
			children = (
				6F60B4551F8E251B0093129F /* day19_iOS_JsonConnAsnmnt */,
				6F60B4541F8E251B0093129F /* Products */,
			);
			sourceTree = "<group>";
		};
		6F60B4541F8E251B0093129F /* Products */ = {
			isa = PBXGroup;
			children = (
				6F60B4531F8E251B0093129F /* day19_iOS_JsonConnAsnmnt.app */,
			);
			name = Products;
			sourceTree = "<group>";
		};
		6F60B4551F8E251B0093129F /* day19_iOS_JsonConnAsnmnt */ = {
			isa = PBXGroup;
			children = (
				6F60B4591F8E251B0093129F /* AppDelegate.h */,
				6F60B45A1F8E251B0093129F /* AppDelegate.m */,
				6F60B45C1F8E251B0093129F /* ViewController.h */,
				6F60B45D1F8E251B0093129F /* ViewController.m */,
				6F60B45F1F8E251B0093129F /* Main.storyboard */,
				6F60B4621F8E251B0093129F /* Assets.xcassets */,
				6F60B4641F8E251B0093129F /* LaunchScreen.storyboard */,
				6F60B4671F8E251B0093129F /* Info.plist */,
				6F60B4561F8E251B0093129F /* Supporting Files */,
			);
			path = day19_iOS_JsonConnAsnmnt;
			sourceTree = "<group>";
		};
		6F60B4561F8E251B0093129F /* Supporting Files */ = {
			isa = PBXGroup;
			children = (
				6F60B4571F8E251B0093129F /* main.m */,
			);
			name = "Supporting Files";
			sourceTree = "<group>";
		};
/* End PBXGroup section */

/* Begin PBXNativeTarget section */
		6F60B4521F8E251B0093129F /* day19_iOS_JsonConnAsnmnt */ = {
			isa = PBXNativeTarget;
			buildConfigurationList = 6F60B46A1F8E251B0093129F /* Build configuration list for PBXNativeTarget "day19_iOS_JsonConnAsnmnt" */;
			buildPhases = (
				6F60B44F1F8E251B0093129F /* Sources */,
				6F60B4501F8E251B0093129F /* Frameworks */,
				6F60B4511F8E251B0093129F /* Resources */,
			);
			buildRules = (
			);
			dependencies = (
			);
			name = day19_iOS_JsonConnAsnmnt;
			productName = day19_iOS_JsonConnAsnmnt;
			productReference = 6F60B4531F8E251B0093129F /* day19_iOS_JsonConnAsnmnt.app */;
			productType = "com.apple.product-type.application";
		};
/* End PBXNativeTarget section */

/* Begin PBXProject section */
		6F60B44B1F8E251B0093129F /* Project object */ = {
			isa = PBXProject;
			attributes = {
				LastUpgradeCheck = 0820;
				ORGANIZATIONNAME = pranjal;
				TargetAttributes = {
					6F60B4521F8E251B0093129F = {
						CreatedOnToolsVersion = 8.2;
						ProvisioningStyle = Automatic;
					};
				};
			};
			buildConfigurationList = 6F60B44E1F8E251B0093129F /* Build configuration list for PBXProject "day19_iOS_JsonConnAsnmnt" */;
			compatibilityVersion = "Xcode 3.2";
			developmentRegion = English;
			hasScannedForEncodings = 0;
			knownRegions = (
				en,
				Base,
			);
			mainGroup = 6F60B44A1F8E251B0093129F;
			productRefGroup = 6F60B4541F8E251B0093129F /* Products */;
			projectDirPath = "";
			projectRoot = "";
			targets = (
				6F60B4521F8E251B0093129F /* day19_iOS_JsonConnAsnmnt */,
			);
		};
/* End PBXProject section */

/* Begin PBXResourcesBuildPhase section */
		6F60B4511F8E251B0093129F /* Resources */ = {
			isa = PBXResourcesBuildPhase;
			buildActionMask = 2147483647;
			files = (
				6F60B4661F8E251B0093129F /* LaunchScreen.storyboard in Resources */,
				6F60B4631F8E251B0093129F /* Assets.xcassets in Resources */,
				6F60B4611F8E251B0093129F /* Main.storyboard in Resources */,
			);
			runOnlyForDeploymentPostprocessing = 0;
		};
/* End PBXResourcesBuildPhase section */

/* Begin PBXSourcesBuildPhase section */
		6F60B44F1F8E251B0093129F /* Sources */ = {
			isa = PBXSourcesBuildPhase;
			buildActionMask = 2147483647;
			files = (
				6F60B45E1F8E251B0093129F /* ViewController.m in Sources */,
				6F60B45B1F8E251B0093129F /* AppDelegate.m in Sources */,
				6F60B4581F8E251B0093129F /* main.m in Sources */,
			);
			runOnlyForDeploymentPostprocessing = 0;
		};
/* End PBXSourcesBuildPhase section */

/* Begin PBXVariantGroup section */
		6F60B45F1F8E251B0093129F /* Main.storyboard */ = {
			isa = PBXVariantGroup;
			children = (
				6F60B4601F8E251B0093129F /* Base */,
			);
			name = Main.storyboard;
			sourceTree = "<group>";
		};
		6F60B4641F8E251B0093129F /* LaunchScreen.storyboard */ = {
			isa = PBXVariantGroup;
			children = (
				6F60B4651F8E251B0093129F /* Base */,
			);
			name = LaunchScreen.storyboard;
			sourceTree = "<group>";
		};
/* End PBXVariantGroup section */

/* Begin XCBuildConfiguration section */
		6F60B4681F8E251B0093129F /* Debug */ = {
			isa = XCBuildConfiguration;
			buildSettings = {
				ALWAYS_SEARCH_USER_PATHS = NO;
				CLANG_ANALYZER_NONNULL = YES;
				CLANG_CXX_LANGUAGE_STANDARD = "gnu++0x";
				CLANG_CXX_LIBRARY = "libc++";
				CLANG_ENABLE_MODULES = YES;
				CLANG_ENABLE_OBJC_ARC = YES;
				CLANG_WARN_BOOL_CONVERSION = YES;
				CLANG_WARN_CONSTANT_CONVERSION = YES;
				CLANG_WARN_DIRECT_OBJC_ISA_USAGE = YES_ERROR;
				CLANG_WARN_DOCUMENTATION_COMMENTS = YES;
				CLANG_WARN_EMPTY_BODY = YES;
				CLANG_WARN_ENUM_CONVERSION = YES;
				CLANG_WARN_INFINITE_RECURSION = YES;
				CLANG_WARN_INT_CONVERSION = YES;
				CLANG_WARN_OBJC_ROOT_CLASS = YES_ERROR;
				CLANG_WARN_SUSPICIOUS_MOVE = YES;
				CLANG_WARN_UNREACHABLE_CODE = YES;
				CLANG_WARN__DUPLICATE_METHOD_MATCH = YES;
				"CODE_SIGN_IDENTITY[sdk=iphoneos*]" = "iPhone Developer";
				COPY_PHASE_STRIP = NO;
				DEBUG_INFORMATION_FORMAT = dwarf;
				ENABLE_STRICT_OBJC_MSGSEND = YES;
				ENABLE_TESTABILITY = YES;
				GCC_C_LANGUAGE_STANDARD = gnu99;
				GCC_DYNAMIC_NO_PIC = NO;
				GCC_NO_COMMON_BLOCKS = YES;
				GCC_OPTIMIZATION_LEVEL = 0;
				GCC_PREPROCESSOR_DEFINITIONS = (
					"DEBUG=1",
					"$(inherited)",
				);
				GCC_WARN_64_TO_32_BIT_CONVERSION = YES;
				GCC_WARN_ABOUT_RETURN_TYPE = YES_ERROR;
				GCC_WARN_UNDECLARED_SELECTOR = YES;
				GCC_WARN_UNINITIALIZED_AUTOS = YES_AGGRESSIVE;
				GCC_WARN_UNUSED_FUNCTION = YES;
				GCC_WARN_UNUSED_VARIABLE = YES;
				IPHONEOS_DEPLOYMENT_TARGET = 10.2;
				MTL_ENABLE_DEBUG_INFO = YES;
				ONLY_ACTIVE_ARCH = YES;
				SDKROOT = iphoneos;
				TARGETED_DEVICE_FAMILY = "1,2";
			};
			name = Debug;
		};
		6F60B4691F8E251B0093129F /* Release */ = {
			isa = XCBuildConfiguration;
			buildSettings = {
				ALWAYS_SEARCH_USER_PATHS = NO;
				CLANG_ANALYZER_NONNULL = YES;
				CLANG_CXX_LANGUAGE_STANDARD = "gnu++0x";
				CLANG_CXX_LIBRARY = "libc++";
				CLANG_ENABLE_MODULES = YES;
				CLANG_ENABLE_OBJC_ARC = YES;
				CLANG_WARN_BOOL_CONVERSION = YES;
				CLANG_WARN_CONSTANT_CONVERSION = YES;
				CLANG_WARN_DIRECT_OBJC_ISA_USAGE = YES_ERROR;
				CLANG_WARN_DOCUMENTATION_COMMENTS = YES;
				CLANG_WARN_EMPTY_BODY = YES;
				CLANG_WARN_ENUM_CONVERSION = YES;
				CLANG_WARN_INFINITE_RECURSION = YES;
				CLANG_WARN_INT_CONVERSION = YES;
				CLANG_WARN_OBJC_ROOT_CLASS = YES_ERROR;
				CLANG_WARN_SUSPICIOUS_MOVE = YES;
				CLANG_WARN_UNREACHABLE_CODE = YES;
				CLANG_WARN__DUPLICATE_METHOD_MATCH = YES;
				"CODE_SIGN_IDENTITY[sdk=iphoneos*]" = "iPhone Developer";
				COPY_PHASE_STRIP = NO;
				DEBUG_INFORMATION_FORMAT = "dwarf-with-dsym";
				ENABLE_NS_ASSERTIONS = NO;
				ENABLE_STRICT_OBJC_MSGSEND = YES;
				GCC_C_LANGUAGE_STANDARD = gnu99;
				GCC_NO_COMMON_BLOCKS = YES;
				GCC_WARN_64_TO_32_BIT_CONVERSION = YES;
				GCC_WARN_ABOUT_RETURN_TYPE = YES_ERROR;
				GCC_WARN_UNDECLARED_SELECTOR = YES;
				GCC_WARN_UNINITIALIZED_AUTOS = YES_AGGRESSIVE;
				GCC_WARN_UNUSED_FUNCTION = YES;
				GCC_WARN_UNUSED_VARIABLE = YES;
				IPHONEOS_DEPLOYMENT_TARGET = 10.2;
				MTL_ENABLE_DEBUG_INFO = NO;
				SDKROOT = iphoneos;
				TARGETED_DEVICE_FAMILY = "1,2";
				VALIDATE_PRODUCT = YES;
			};
			name = Release;
		};
		6F60B46B1F8E251B0093129F /* Debug */ = {
			isa = XCBuildConfiguration;
			buildSettings = {
				ASSETCATALOG_COMPILER_APPICON_NAME = AppIcon;
				INFOPLIST_FILE = day19_iOS_JsonConnAsnmnt/Info.plist;
				LD_RUNPATH_SEARCH_PATHS = "$(inherited) @executable_path/Frameworks";
				PRODUCT_BUNDLE_IDENTIFIER = "pranjal.day19-iOS-JsonConnAsnmnt";
				PRODUCT_NAME = "$(TARGET_NAME)";
			};
			name = Debug;
		};
		6F60B46C1F8E251B0093129F /* Release */ = {
			isa = XCBuildConfiguration;
			buildSettings = {
				ASSETCATALOG_COMPILER_APPICON_NAME = AppIcon;
				INFOPLIST_FILE = day19_iOS_JsonConnAsnmnt/Info.plist;
				LD_RUNPATH_SEARCH_PATHS = "$(inherited) @executable_path/Frameworks";
				PRODUCT_BUNDLE_IDENTIFIER = "pranjal.day19-iOS-JsonConnAsnmnt";
				PRODUCT_NAME = "$(TARGET_NAME)";
			};
			name = Release;
		};
/* End XCBuildConfiguration section */

/* Begin XCConfigurationList section */
		6F60B44E1F8E251B0093129F /* Build configuration list for PBXProject "day19_iOS_JsonConnAsnmnt" */ = {
			isa = XCConfigurationList;
			buildConfigurations = (
				6F60B4681F8E251B0093129F /* Debug */,
				6F60B4691F8E251B0093129F /* Release */,
			);
			defaultConfigurationIsVisible = 0;
			defaultConfigurationName = Release;
		};
		6F60B46A1F8E251B0093129F /* Build configuration list for PBXNativeTarget "day19_iOS_JsonConnAsnmnt" */ = {
			isa = XCConfigurationList;
			buildConfigurations = (
				6F60B46B1F8E251B0093129F /* Debug */,
				6F60B46C1F8E251B0093129F /* Release */,
			);
			defaultConfigurationIsVisible = 0;
		};
/* End XCConfigurationList section */
	};
	rootObject = 6F60B44B1F8E251B0093129F /* Project object */;
}
